// !$*UTF8*$!
{
	archiveVersion = 1;
	classes = {
	};
	objectVersion = 46;
	objects = {

/* Begin PBXBuildFile section */
		28EA935E165F129A009F69E5 /* AssetsLibrary.framework in Frameworks */ = {isa = PBXBuildFile; fileRef = 28EA935D165F129A009F69E5 /* AssetsLibrary.framework */; };
		28EA9360165F12A0009F69E5 /* AVFoundation.framework in Frameworks */ = {isa = PBXBuildFile; fileRef = 28EA935F165F12A0009F69E5 /* AVFoundation.framework */; };
		28EA9362165F12D6009F69E5 /* CoreMedia.framework in Frameworks */ = {isa = PBXBuildFile; fileRef = 28EA9361165F12D6009F69E5 /* CoreMedia.framework */; };
		28EA9364165F12DE009F69E5 /* CoreVideo.framework in Frameworks */ = {isa = PBXBuildFile; fileRef = 28EA9363165F12DE009F69E5 /* CoreVideo.framework */; };
		28EA9366165F12F5009F69E5 /* OpenGLES.framework in Frameworks */ = {isa = PBXBuildFile; fileRef = 28EA9365165F12F5009F69E5 /* OpenGLES.framework */; };
		28EA9368165F1305009F69E5 /* QuartzCore.framework in Frameworks */ = {isa = PBXBuildFile; fileRef = 28EA9367165F1305009F69E5 /* QuartzCore.framework */; };
		28EA9378165F13BA009F69E5 /* libGPUImage.a in Frameworks */ = {isa = PBXBuildFile; fileRef = 28EA9373165F1340009F69E5 /* libGPUImage.a */; };
		B40B1F5C1650E9D6000BC5DA /* ASIAuthenticationDialog.m in Sources */ = {isa = PBXBuildFile; fileRef = B40B1F471650E9D6000BC5DA /* ASIAuthenticationDialog.m */; };
		B40B1F5D1650E9D6000BC5DA /* ASIDataCompressor.m in Sources */ = {isa = PBXBuildFile; fileRef = B40B1F4A1650E9D6000BC5DA /* ASIDataCompressor.m */; };
		B40B1F5E1650E9D6000BC5DA /* ASIDataDecompressor.m in Sources */ = {isa = PBXBuildFile; fileRef = B40B1F4C1650E9D6000BC5DA /* ASIDataDecompressor.m */; };
		B40B1F5F1650E9D6000BC5DA /* ASIDownloadCache.m in Sources */ = {isa = PBXBuildFile; fileRef = B40B1F4E1650E9D6000BC5DA /* ASIDownloadCache.m */; };
		B40B1F601650E9D6000BC5DA /* ASIFormDataRequest.m in Sources */ = {isa = PBXBuildFile; fileRef = B40B1F501650E9D6000BC5DA /* ASIFormDataRequest.m */; };
		B40B1F611650E9D6000BC5DA /* ASIHTTPRequest.m in Sources */ = {isa = PBXBuildFile; fileRef = B40B1F521650E9D6000BC5DA /* ASIHTTPRequest.m */; };
		B40B1F621650E9D6000BC5DA /* ASIInputStream.m in Sources */ = {isa = PBXBuildFile; fileRef = B40B1F561650E9D6000BC5DA /* ASIInputStream.m */; };
		B40B1F631650E9D6000BC5DA /* ASINetworkQueue.m in Sources */ = {isa = PBXBuildFile; fileRef = B40B1F581650E9D6000BC5DA /* ASINetworkQueue.m */; };
		B40B1F641650E9D6000BC5DA /* Reachability.m in Sources */ = {isa = PBXBuildFile; fileRef = B40B1F5B1650E9D6000BC5DA /* Reachability.m */; };
		B40B1F671650EA46000BC5DA /* JSONKit.m in Sources */ = {isa = PBXBuildFile; fileRef = B40B1F661650EA46000BC5DA /* JSONKit.m */; };
		B40B1F691650EA5B000BC5DA /* CFNetwork.framework in Frameworks */ = {isa = PBXBuildFile; fileRef = B40B1F681650EA5B000BC5DA /* CFNetwork.framework */; };
		B40B1F6B1650EAB6000BC5DA /* SystemConfiguration.framework in Frameworks */ = {isa = PBXBuildFile; fileRef = B40B1F6A1650EAB6000BC5DA /* SystemConfiguration.framework */; };
		B40B1F6D1650EB6B000BC5DA /* MobileCoreServices.framework in Frameworks */ = {isa = PBXBuildFile; fileRef = B40B1F6C1650EB6B000BC5DA /* MobileCoreServices.framework */; };
		B40B1F6F1650ECCA000BC5DA /* libz.dylib in Frameworks */ = {isa = PBXBuildFile; fileRef = B40B1F6E1650ECCA000BC5DA /* libz.dylib */; };
		B40B1F711650ECD7000BC5DA /* Default-568h@2x.png in Resources */ = {isa = PBXBuildFile; fileRef = B40B1F701650ECD7000BC5DA /* Default-568h@2x.png */; };
		B40B1F7C1650EE53000BC5DA /* SinaWeibo.bundle in Resources */ = {isa = PBXBuildFile; fileRef = B40B1F741650EE53000BC5DA /* SinaWeibo.bundle */; };
		B40B1F7D1650EE53000BC5DA /* SinaWeibo.m in Sources */ = {isa = PBXBuildFile; fileRef = B40B1F761650EE53000BC5DA /* SinaWeibo.m */; };
		B40B1F7E1650EE53000BC5DA /* SinaWeiboAuthorizeView.m in Sources */ = {isa = PBXBuildFile; fileRef = B40B1F781650EE53000BC5DA /* SinaWeiboAuthorizeView.m */; };
		B40B1F7F1650EE53000BC5DA /* SinaWeiboRequest.m in Sources */ = {isa = PBXBuildFile; fileRef = B40B1F7B1650EE53000BC5DA /* SinaWeiboRequest.m */; };
		B44954A815A978F200FAA116 /* UIKit.framework in Frameworks */ = {isa = PBXBuildFile; fileRef = B44954A715A978F200FAA116 /* UIKit.framework */; };
		B44954AA15A978F200FAA116 /* Foundation.framework in Frameworks */ = {isa = PBXBuildFile; fileRef = B44954A915A978F200FAA116 /* Foundation.framework */; };
		B44954AC15A978F200FAA116 /* CoreGraphics.framework in Frameworks */ = {isa = PBXBuildFile; fileRef = B44954AB15A978F200FAA116 /* CoreGraphics.framework */; };
		B44954B215A978F200FAA116 /* InfoPlist.strings in Resources */ = {isa = PBXBuildFile; fileRef = B44954B015A978F200FAA116 /* InfoPlist.strings */; };
		B44954B415A978F200FAA116 /* main.m in Sources */ = {isa = PBXBuildFile; fileRef = B44954B315A978F200FAA116 /* main.m */; };
		B44954B815A978F200FAA116 /* AppDelegate.m in Sources */ = {isa = PBXBuildFile; fileRef = B44954B715A978F200FAA116 /* AppDelegate.m */; };
		B4C94ED9164C00F500722F37 /* BaseViewController.m in Sources */ = {isa = PBXBuildFile; fileRef = B4C94ED8164C00F500722F37 /* BaseViewController.m */; };
		B4C94EDD164C015100722F37 /* HomeViewController.m in Sources */ = {isa = PBXBuildFile; fileRef = B4C94EDC164C015100722F37 /* HomeViewController.m */; };
		B4C94EE0164C017800722F37 /* HotViewController.m in Sources */ = {isa = PBXBuildFile; fileRef = B4C94EDF164C017800722F37 /* HotViewController.m */; };
		B4C94EE3164C02DD00722F37 /* TakePhotoViewController.m in Sources */ = {isa = PBXBuildFile; fileRef = B4C94EE2164C02DD00722F37 /* TakePhotoViewController.m */; };
		B4C94EE6164C02E900722F37 /* MessageViewController.m in Sources */ = {isa = PBXBuildFile; fileRef = B4C94EE5164C02E900722F37 /* MessageViewController.m */; };
		B4C94EE9164C034D00722F37 /* ProfileViewController.m in Sources */ = {isa = PBXBuildFile; fileRef = B4C94EE8164C034D00722F37 /* ProfileViewController.m */; };
		B4C94EEF164C057100722F37 /* sourcekit.bundle in Resources */ = {isa = PBXBuildFile; fileRef = B4C94EEE164C057100722F37 /* sourcekit.bundle */; };
/* End PBXBuildFile section */

/* Begin PBXContainerItemProxy section */
		28EA9372165F1340009F69E5 /* PBXContainerItemProxy */ = {
			isa = PBXContainerItemProxy;
			containerPortal = 28EA9369165F1340009F69E5 /* GPUImage.xcodeproj */;
			proxyType = 2;
			remoteGlobalIDString = BCF1A33414DDB1EC00852800;
			remoteInfo = GPUImage;
		};
		28EA9374165F1340009F69E5 /* PBXContainerItemProxy */ = {
			isa = PBXContainerItemProxy;
			containerPortal = 28EA9369165F1340009F69E5 /* GPUImage.xcodeproj */;
			proxyType = 2;
			remoteGlobalIDString = BCF1A34414DDB1EC00852800;
			remoteInfo = GPUImageTests;
		};
		28EA9376165F13B2009F69E5 /* PBXContainerItemProxy */ = {
			isa = PBXContainerItemProxy;
			containerPortal = 28EA9369165F1340009F69E5 /* GPUImage.xcodeproj */;
			proxyType = 1;
			remoteGlobalIDString = BCF1A33314DDB1EC00852800;
			remoteInfo = GPUImage;
		};
/* End PBXContainerItemProxy section */

/* Begin PBXFileReference section */
		28EA935D165F129A009F69E5 /* AssetsLibrary.framework */ = {isa = PBXFileReference; lastKnownFileType = wrapper.framework; name = AssetsLibrary.framework; path = System/Library/Frameworks/AssetsLibrary.framework; sourceTree = SDKROOT; };
		28EA935F165F12A0009F69E5 /* AVFoundation.framework */ = {isa = PBXFileReference; lastKnownFileType = wrapper.framework; name = AVFoundation.framework; path = System/Library/Frameworks/AVFoundation.framework; sourceTree = SDKROOT; };
		28EA9361165F12D6009F69E5 /* CoreMedia.framework */ = {isa = PBXFileReference; lastKnownFileType = wrapper.framework; name = CoreMedia.framework; path = System/Library/Frameworks/CoreMedia.framework; sourceTree = SDKROOT; };
		28EA9363165F12DE009F69E5 /* CoreVideo.framework */ = {isa = PBXFileReference; lastKnownFileType = wrapper.framework; name = CoreVideo.framework; path = System/Library/Frameworks/CoreVideo.framework; sourceTree = SDKROOT; };
		28EA9365165F12F5009F69E5 /* OpenGLES.framework */ = {isa = PBXFileReference; lastKnownFileType = wrapper.framework; name = OpenGLES.framework; path = System/Library/Frameworks/OpenGLES.framework; sourceTree = SDKROOT; };
		28EA9367165F1305009F69E5 /* QuartzCore.framework */ = {isa = PBXFileReference; lastKnownFileType = wrapper.framework; name = QuartzCore.framework; path = System/Library/Frameworks/QuartzCore.framework; sourceTree = SDKROOT; };
		28EA9369165F1340009F69E5 /* GPUImage.xcodeproj */ = {isa = PBXFileReference; lastKnownFileType = "wrapper.pb-project"; name = GPUImage.xcodeproj; path = lib/GPUImage/framework/GPUImage.xcodeproj; sourceTree = "<group>"; };
		B40B1F461650E9D6000BC5DA /* ASIAuthenticationDialog.h */ = {isa = PBXFileReference; fileEncoding = 4; lastKnownFileType = sourcecode.c.h; name = ASIAuthenticationDialog.h; path = "lib/asi-httprequest/ASIAuthenticationDialog.h"; sourceTree = SOURCE_ROOT; };
		B40B1F471650E9D6000BC5DA /* ASIAuthenticationDialog.m */ = {isa = PBXFileReference; fileEncoding = 4; lastKnownFileType = sourcecode.c.objc; name = ASIAuthenticationDialog.m; path = "lib/asi-httprequest/ASIAuthenticationDialog.m"; sourceTree = SOURCE_ROOT; };
		B40B1F481650E9D6000BC5DA /* ASICacheDelegate.h */ = {isa = PBXFileReference; fileEncoding = 4; lastKnownFileType = sourcecode.c.h; name = ASICacheDelegate.h; path = "lib/asi-httprequest/ASICacheDelegate.h"; sourceTree = SOURCE_ROOT; };
		B40B1F491650E9D6000BC5DA /* ASIDataCompressor.h */ = {isa = PBXFileReference; fileEncoding = 4; lastKnownFileType = sourcecode.c.h; name = ASIDataCompressor.h; path = "lib/asi-httprequest/ASIDataCompressor.h"; sourceTree = SOURCE_ROOT; };
		B40B1F4A1650E9D6000BC5DA /* ASIDataCompressor.m */ = {isa = PBXFileReference; fileEncoding = 4; lastKnownFileType = sourcecode.c.objc; name = ASIDataCompressor.m; path = "lib/asi-httprequest/ASIDataCompressor.m"; sourceTree = SOURCE_ROOT; };
		B40B1F4B1650E9D6000BC5DA /* ASIDataDecompressor.h */ = {isa = PBXFileReference; fileEncoding = 4; lastKnownFileType = sourcecode.c.h; name = ASIDataDecompressor.h; path = "lib/asi-httprequest/ASIDataDecompressor.h"; sourceTree = SOURCE_ROOT; };
		B40B1F4C1650E9D6000BC5DA /* ASIDataDecompressor.m */ = {isa = PBXFileReference; fileEncoding = 4; lastKnownFileType = sourcecode.c.objc; name = ASIDataDecompressor.m; path = "lib/asi-httprequest/ASIDataDecompressor.m"; sourceTree = SOURCE_ROOT; };
		B40B1F4D1650E9D6000BC5DA /* ASIDownloadCache.h */ = {isa = PBXFileReference; fileEncoding = 4; lastKnownFileType = sourcecode.c.h; name = ASIDownloadCache.h; path = "lib/asi-httprequest/ASIDownloadCache.h"; sourceTree = SOURCE_ROOT; };
		B40B1F4E1650E9D6000BC5DA /* ASIDownloadCache.m */ = {isa = PBXFileReference; fileEncoding = 4; lastKnownFileType = sourcecode.c.objc; name = ASIDownloadCache.m; path = "lib/asi-httprequest/ASIDownloadCache.m"; sourceTree = SOURCE_ROOT; };
		B40B1F4F1650E9D6000BC5DA /* ASIFormDataRequest.h */ = {isa = PBXFileReference; fileEncoding = 4; lastKnownFileType = sourcecode.c.h; name = ASIFormDataRequest.h; path = "lib/asi-httprequest/ASIFormDataRequest.h"; sourceTree = SOURCE_ROOT; };
		B40B1F501650E9D6000BC5DA /* ASIFormDataRequest.m */ = {isa = PBXFileReference; fileEncoding = 4; lastKnownFileType = sourcecode.c.objc; name = ASIFormDataRequest.m; path = "lib/asi-httprequest/ASIFormDataRequest.m"; sourceTree = SOURCE_ROOT; };
		B40B1F511650E9D6000BC5DA /* ASIHTTPRequest.h */ = {isa = PBXFileReference; fileEncoding = 4; lastKnownFileType = sourcecode.c.h; name = ASIHTTPRequest.h; path = "lib/asi-httprequest/ASIHTTPRequest.h"; sourceTree = SOURCE_ROOT; };
		B40B1F521650E9D6000BC5DA /* ASIHTTPRequest.m */ = {isa = PBXFileReference; fileEncoding = 4; lastKnownFileType = sourcecode.c.objc; name = ASIHTTPRequest.m; path = "lib/asi-httprequest/ASIHTTPRequest.m"; sourceTree = SOURCE_ROOT; };
		B40B1F531650E9D6000BC5DA /* ASIHTTPRequestConfig.h */ = {isa = PBXFileReference; fileEncoding = 4; lastKnownFileType = sourcecode.c.h; name = ASIHTTPRequestConfig.h; path = "lib/asi-httprequest/ASIHTTPRequestConfig.h"; sourceTree = SOURCE_ROOT; };
		B40B1F541650E9D6000BC5DA /* ASIHTTPRequestDelegate.h */ = {isa = PBXFileReference; fileEncoding = 4; lastKnownFileType = sourcecode.c.h; name = ASIHTTPRequestDelegate.h; path = "lib/asi-httprequest/ASIHTTPRequestDelegate.h"; sourceTree = SOURCE_ROOT; };
		B40B1F551650E9D6000BC5DA /* ASIInputStream.h */ = {isa = PBXFileReference; fileEncoding = 4; lastKnownFileType = sourcecode.c.h; name = ASIInputStream.h; path = "lib/asi-httprequest/ASIInputStream.h"; sourceTree = SOURCE_ROOT; };
		B40B1F561650E9D6000BC5DA /* ASIInputStream.m */ = {isa = PBXFileReference; fileEncoding = 4; lastKnownFileType = sourcecode.c.objc; name = ASIInputStream.m; path = "lib/asi-httprequest/ASIInputStream.m"; sourceTree = SOURCE_ROOT; };
		B40B1F571650E9D6000BC5DA /* ASINetworkQueue.h */ = {isa = PBXFileReference; fileEncoding = 4; lastKnownFileType = sourcecode.c.h; name = ASINetworkQueue.h; path = "lib/asi-httprequest/ASINetworkQueue.h"; sourceTree = SOURCE_ROOT; };
		B40B1F581650E9D6000BC5DA /* ASINetworkQueue.m */ = {isa = PBXFileReference; fileEncoding = 4; lastKnownFileType = sourcecode.c.objc; name = ASINetworkQueue.m; path = "lib/asi-httprequest/ASINetworkQueue.m"; sourceTree = SOURCE_ROOT; };
		B40B1F591650E9D6000BC5DA /* ASIProgressDelegate.h */ = {isa = PBXFileReference; fileEncoding = 4; lastKnownFileType = sourcecode.c.h; name = ASIProgressDelegate.h; path = "lib/asi-httprequest/ASIProgressDelegate.h"; sourceTree = SOURCE_ROOT; };
		B40B1F5A1650E9D6000BC5DA /* Reachability.h */ = {isa = PBXFileReference; fileEncoding = 4; lastKnownFileType = sourcecode.c.h; name = Reachability.h; path = "lib/asi-httprequest/Reachability.h"; sourceTree = SOURCE_ROOT; };
		B40B1F5B1650E9D6000BC5DA /* Reachability.m */ = {isa = PBXFileReference; fileEncoding = 4; lastKnownFileType = sourcecode.c.objc; name = Reachability.m; path = "lib/asi-httprequest/Reachability.m"; sourceTree = SOURCE_ROOT; };
		B40B1F651650EA46000BC5DA /* JSONKit.h */ = {isa = PBXFileReference; fileEncoding = 4; lastKnownFileType = sourcecode.c.h; name = JSONKit.h; path = lib/jsonkit/JSONKit.h; sourceTree = SOURCE_ROOT; };
		B40B1F661650EA46000BC5DA /* JSONKit.m */ = {isa = PBXFileReference; fileEncoding = 4; lastKnownFileType = sourcecode.c.objc; name = JSONKit.m; path = lib/jsonkit/JSONKit.m; sourceTree = SOURCE_ROOT; };
		B40B1F681650EA5B000BC5DA /* CFNetwork.framework */ = {isa = PBXFileReference; lastKnownFileType = wrapper.framework; name = CFNetwork.framework; path = System/Library/Frameworks/CFNetwork.framework; sourceTree = SDKROOT; };
		B40B1F6A1650EAB6000BC5DA /* SystemConfiguration.framework */ = {isa = PBXFileReference; lastKnownFileType = wrapper.framework; name = SystemConfiguration.framework; path = System/Library/Frameworks/SystemConfiguration.framework; sourceTree = SDKROOT; };
		B40B1F6C1650EB6B000BC5DA /* MobileCoreServices.framework */ = {isa = PBXFileReference; lastKnownFileType = wrapper.framework; name = MobileCoreServices.framework; path = System/Library/Frameworks/MobileCoreServices.framework; sourceTree = SDKROOT; };
		B40B1F6E1650ECCA000BC5DA /* libz.dylib */ = {isa = PBXFileReference; lastKnownFileType = "compiled.mach-o.dylib"; name = libz.dylib; path = usr/lib/libz.dylib; sourceTree = SDKROOT; };
		B40B1F701650ECD7000BC5DA /* Default-568h@2x.png */ = {isa = PBXFileReference; lastKnownFileType = image.png; name = "Default-568h@2x.png"; path = "../Default-568h@2x.png"; sourceTree = "<group>"; };
		B40B1F741650EE53000BC5DA /* SinaWeibo.bundle */ = {isa = PBXFileReference; lastKnownFileType = "wrapper.plug-in"; name = SinaWeibo.bundle; path = lib/SinaWeibo/SinaWeibo.bundle; sourceTree = SOURCE_ROOT; };
		B40B1F751650EE53000BC5DA /* SinaWeibo.h */ = {isa = PBXFileReference; fileEncoding = 4; lastKnownFileType = sourcecode.c.h; name = SinaWeibo.h; path = lib/SinaWeibo/SinaWeibo.h; sourceTree = SOURCE_ROOT; };
		B40B1F761650EE53000BC5DA /* SinaWeibo.m */ = {isa = PBXFileReference; fileEncoding = 4; lastKnownFileType = sourcecode.c.objc; name = SinaWeibo.m; path = lib/SinaWeibo/SinaWeibo.m; sourceTree = SOURCE_ROOT; };
		B40B1F771650EE53000BC5DA /* SinaWeiboAuthorizeView.h */ = {isa = PBXFileReference; fileEncoding = 4; lastKnownFileType = sourcecode.c.h; name = SinaWeiboAuthorizeView.h; path = lib/SinaWeibo/SinaWeiboAuthorizeView.h; sourceTree = SOURCE_ROOT; };
		B40B1F781650EE53000BC5DA /* SinaWeiboAuthorizeView.m */ = {isa = PBXFileReference; fileEncoding = 4; lastKnownFileType = sourcecode.c.objc; name = SinaWeiboAuthorizeView.m; path = lib/SinaWeibo/SinaWeiboAuthorizeView.m; sourceTree = SOURCE_ROOT; };
		B40B1F791650EE53000BC5DA /* SinaWeiboConstants.h */ = {isa = PBXFileReference; fileEncoding = 4; lastKnownFileType = sourcecode.c.h; name = SinaWeiboConstants.h; path = lib/SinaWeibo/SinaWeiboConstants.h; sourceTree = SOURCE_ROOT; };
		B40B1F7A1650EE53000BC5DA /* SinaWeiboRequest.h */ = {isa = PBXFileReference; fileEncoding = 4; lastKnownFileType = sourcecode.c.h; name = SinaWeiboRequest.h; path = lib/SinaWeibo/SinaWeiboRequest.h; sourceTree = SOURCE_ROOT; };
		B40B1F7B1650EE53000BC5DA /* SinaWeiboRequest.m */ = {isa = PBXFileReference; fileEncoding = 4; lastKnownFileType = sourcecode.c.objc; name = SinaWeiboRequest.m; path = lib/SinaWeibo/SinaWeiboRequest.m; sourceTree = SOURCE_ROOT; };
		B40B1F8B1650F001000BC5DA /* GlobalConfig.h */ = {isa = PBXFileReference; fileEncoding = 4; lastKnownFileType = sourcecode.c.h; path = GlobalConfig.h; sourceTree = "<group>"; };
		B44954A315A978F200FAA116 /* BabyinFamily.app */ = {isa = PBXFileReference; explicitFileType = wrapper.application; includeInIndex = 0; path = BabyinFamily.app; sourceTree = BUILT_PRODUCTS_DIR; };
		B44954A715A978F200FAA116 /* UIKit.framework */ = {isa = PBXFileReference; lastKnownFileType = wrapper.framework; name = UIKit.framework; path = System/Library/Frameworks/UIKit.framework; sourceTree = SDKROOT; };
		B44954A915A978F200FAA116 /* Foundation.framework */ = {isa = PBXFileReference; lastKnownFileType = wrapper.framework; name = Foundation.framework; path = System/Library/Frameworks/Foundation.framework; sourceTree = SDKROOT; };
		B44954AB15A978F200FAA116 /* CoreGraphics.framework */ = {isa = PBXFileReference; lastKnownFileType = wrapper.framework; name = CoreGraphics.framework; path = System/Library/Frameworks/CoreGraphics.framework; sourceTree = SDKROOT; };
		B44954AF15A978F200FAA116 /* BabyinFamily-Info.plist */ = {isa = PBXFileReference; lastKnownFileType = text.plist.xml; path = "BabyinFamily-Info.plist"; sourceTree = "<group>"; };
		B44954B115A978F200FAA116 /* en */ = {isa = PBXFileReference; lastKnownFileType = text.plist.strings; name = en; path = en.lproj/InfoPlist.strings; sourceTree = "<group>"; };
		B44954B315A978F200FAA116 /* main.m */ = {isa = PBXFileReference; lastKnownFileType = sourcecode.c.objc; path = main.m; sourceTree = "<group>"; };
		B44954B515A978F200FAA116 /* BabyinFamily-Prefix.pch */ = {isa = PBXFileReference; lastKnownFileType = sourcecode.c.h; path = "BabyinFamily-Prefix.pch"; sourceTree = "<group>"; };
		B44954B615A978F200FAA116 /* AppDelegate.h */ = {isa = PBXFileReference; lastKnownFileType = sourcecode.c.h; path = AppDelegate.h; sourceTree = "<group>"; };
		B44954B715A978F200FAA116 /* AppDelegate.m */ = {isa = PBXFileReference; lastKnownFileType = sourcecode.c.objc; path = AppDelegate.m; sourceTree = "<group>"; };
		B4C94ED7164C00F500722F37 /* BaseViewController.h */ = {isa = PBXFileReference; fileEncoding = 4; lastKnownFileType = sourcecode.c.h; path = BaseViewController.h; sourceTree = "<group>"; };
		B4C94ED8164C00F500722F37 /* BaseViewController.m */ = {isa = PBXFileReference; fileEncoding = 4; lastKnownFileType = sourcecode.c.objc; path = BaseViewController.m; sourceTree = "<group>"; };
		B4C94EDB164C015100722F37 /* HomeViewController.h */ = {isa = PBXFileReference; fileEncoding = 4; lastKnownFileType = sourcecode.c.h; path = HomeViewController.h; sourceTree = "<group>"; };
		B4C94EDC164C015100722F37 /* HomeViewController.m */ = {isa = PBXFileReference; fileEncoding = 4; lastKnownFileType = sourcecode.c.objc; path = HomeViewController.m; sourceTree = "<group>"; };
		B4C94EDE164C017800722F37 /* HotViewController.h */ = {isa = PBXFileReference; fileEncoding = 4; lastKnownFileType = sourcecode.c.h; path = HotViewController.h; sourceTree = "<group>"; };
		B4C94EDF164C017800722F37 /* HotViewController.m */ = {isa = PBXFileReference; fileEncoding = 4; lastKnownFileType = sourcecode.c.objc; path = HotViewController.m; sourceTree = "<group>"; };
		B4C94EE1164C02DD00722F37 /* TakePhotoViewController.h */ = {isa = PBXFileReference; fileEncoding = 4; lastKnownFileType = sourcecode.c.h; path = TakePhotoViewController.h; sourceTree = "<group>"; };
		B4C94EE2164C02DD00722F37 /* TakePhotoViewController.m */ = {isa = PBXFileReference; fileEncoding = 4; lastKnownFileType = sourcecode.c.objc; path = TakePhotoViewController.m; sourceTree = "<group>"; };
		B4C94EE4164C02E900722F37 /* MessageViewController.h */ = {isa = PBXFileReference; fileEncoding = 4; lastKnownFileType = sourcecode.c.h; path = MessageViewController.h; sourceTree = "<group>"; };
		B4C94EE5164C02E900722F37 /* MessageViewController.m */ = {isa = PBXFileReference; fileEncoding = 4; lastKnownFileType = sourcecode.c.objc; path = MessageViewController.m; sourceTree = "<group>"; };
		B4C94EE7164C034D00722F37 /* ProfileViewController.h */ = {isa = PBXFileReference; fileEncoding = 4; lastKnownFileType = sourcecode.c.h; path = ProfileViewController.h; sourceTree = "<group>"; };
		B4C94EE8164C034D00722F37 /* ProfileViewController.m */ = {isa = PBXFileReference; fileEncoding = 4; lastKnownFileType = sourcecode.c.objc; path = ProfileViewController.m; sourceTree = "<group>"; };
		B4C94EEE164C057100722F37 /* sourcekit.bundle */ = {isa = PBXFileReference; lastKnownFileType = "wrapper.plug-in"; path = sourcekit.bundle; sourceTree = "<group>"; };
/* End PBXFileReference section */

/* Begin PBXFrameworksBuildPhase section */
		B44954A015A978F200FAA116 /* Frameworks */ = {
			isa = PBXFrameworksBuildPhase;
			buildActionMask = 2147483647;
			files = (
				28EA9378165F13BA009F69E5 /* libGPUImage.a in Frameworks */,
				28EA9368165F1305009F69E5 /* QuartzCore.framework in Frameworks */,
				28EA9366165F12F5009F69E5 /* OpenGLES.framework in Frameworks */,
				28EA9364165F12DE009F69E5 /* CoreVideo.framework in Frameworks */,
				28EA9362165F12D6009F69E5 /* CoreMedia.framework in Frameworks */,
				B44954AC15A978F200FAA116 /* CoreGraphics.framework in Frameworks */,
				28EA9360165F12A0009F69E5 /* AVFoundation.framework in Frameworks */,
				28EA935E165F129A009F69E5 /* AssetsLibrary.framework in Frameworks */,
				B40B1F6F1650ECCA000BC5DA /* libz.dylib in Frameworks */,
				B40B1F6D1650EB6B000BC5DA /* MobileCoreServices.framework in Frameworks */,
				B40B1F6B1650EAB6000BC5DA /* SystemConfiguration.framework in Frameworks */,
				B40B1F691650EA5B000BC5DA /* CFNetwork.framework in Frameworks */,
				B44954A815A978F200FAA116 /* UIKit.framework in Frameworks */,
				B44954AA15A978F200FAA116 /* Foundation.framework in Frameworks */,
			);
			runOnlyForDeploymentPostprocessing = 0;
		};
/* End PBXFrameworksBuildPhase section */

/* Begin PBXGroup section */
		28EA936A165F1340009F69E5 /* Products */ = {
			isa = PBXGroup;
			children = (
				28EA9373165F1340009F69E5 /* libGPUImage.a */,
				28EA9375165F1340009F69E5 /* GPUImageTests.octest */,
			);
			name = Products;
			sourceTree = "<group>";
		};
		28EA949C165F58F4009F69E5 /* netWork */ = {
			isa = PBXGroup;
			children = (
			);
			name = netWork;
			sourceTree = "<group>";
		};
		28EA949D165F5962009F69E5 /* resource */ = {
			isa = PBXGroup;
			children = (
				B4C94EEE164C057100722F37 /* sourcekit.bundle */,
			);
			name = resource;
			sourceTree = "<group>";
		};
		28EA949E165F59CD009F69E5 /* UIDisplay */ = {
			isa = PBXGroup;
			children = (
				28EA94A0165F6031009F69E5 /* VCS */,
			);
			name = UIDisplay;
			sourceTree = "<group>";
		};
		28EA949F165F59E0009F69E5 /* babyTools */ = {
			isa = PBXGroup;
			children = (
			);
			name = babyTools;
			sourceTree = "<group>";
		};
		28EA94A0165F6031009F69E5 /* VCS */ = {
			isa = PBXGroup;
			children = (
				28EA94A1165F6058009F69E5 /* TabViewControllers */,
			);
			name = VCS;
			sourceTree = "<group>";
		};
		28EA94A1165F6058009F69E5 /* TabViewControllers */ = {
			isa = PBXGroup;
			children = (
				B4C94ED7164C00F500722F37 /* BaseViewController.h */,
				B4C94ED8164C00F500722F37 /* BaseViewController.m */,
				B4C94EDB164C015100722F37 /* HomeViewController.h */,
				B4C94EDC164C015100722F37 /* HomeViewController.m */,
				B4C94EDE164C017800722F37 /* HotViewController.h */,
				B4C94EDF164C017800722F37 /* HotViewController.m */,
				B4C94EE1164C02DD00722F37 /* TakePhotoViewController.h */,
				B4C94EE2164C02DD00722F37 /* TakePhotoViewController.m */,
				B4C94EE4164C02E900722F37 /* MessageViewController.h */,
				B4C94EE5164C02E900722F37 /* MessageViewController.m */,
				B4C94EE7164C034D00722F37 /* ProfileViewController.h */,
				B4C94EE8164C034D00722F37 /* ProfileViewController.m */,
			);
			name = TabViewControllers;
			sourceTree = "<group>";
		};
		B40B1F421650E99F000BC5DA /* asi */ = {
			isa = PBXGroup;
			children = (
				B40B1F461650E9D6000BC5DA /* ASIAuthenticationDialog.h */,
				B40B1F471650E9D6000BC5DA /* ASIAuthenticationDialog.m */,
				B40B1F481650E9D6000BC5DA /* ASICacheDelegate.h */,
				B40B1F491650E9D6000BC5DA /* ASIDataCompressor.h */,
				B40B1F4A1650E9D6000BC5DA /* ASIDataCompressor.m */,
				B40B1F4B1650E9D6000BC5DA /* ASIDataDecompressor.h */,
				B40B1F4C1650E9D6000BC5DA /* ASIDataDecompressor.m */,
				B40B1F4D1650E9D6000BC5DA /* ASIDownloadCache.h */,
				B40B1F4E1650E9D6000BC5DA /* ASIDownloadCache.m */,
				B40B1F4F1650E9D6000BC5DA /* ASIFormDataRequest.h */,
				B40B1F501650E9D6000BC5DA /* ASIFormDataRequest.m */,
				B40B1F511650E9D6000BC5DA /* ASIHTTPRequest.h */,
				B40B1F521650E9D6000BC5DA /* ASIHTTPRequest.m */,
				B40B1F531650E9D6000BC5DA /* ASIHTTPRequestConfig.h */,
				B40B1F541650E9D6000BC5DA /* ASIHTTPRequestDelegate.h */,
				B40B1F551650E9D6000BC5DA /* ASIInputStream.h */,
				B40B1F561650E9D6000BC5DA /* ASIInputStream.m */,
				B40B1F571650E9D6000BC5DA /* ASINetworkQueue.h */,
				B40B1F581650E9D6000BC5DA /* ASINetworkQueue.m */,
				B40B1F591650E9D6000BC5DA /* ASIProgressDelegate.h */,
				B40B1F5A1650E9D6000BC5DA /* Reachability.h */,
				B40B1F5B1650E9D6000BC5DA /* Reachability.m */,
			);
			name = asi;
			sourceTree = "<group>";
		};
		B40B1F451650E9B8000BC5DA /* jsonkit */ = {
			isa = PBXGroup;
			children = (
				B40B1F651650EA46000BC5DA /* JSONKit.h */,
				B40B1F661650EA46000BC5DA /* JSONKit.m */,
			);
			name = jsonkit;
			sourceTree = "<group>";
		};
		B40B1F721650EE16000BC5DA /* sdk */ = {
			isa = PBXGroup;
			children = (
				B40B1F731650EE3B000BC5DA /* sina */,
			);
			name = sdk;
			sourceTree = "<group>";
		};
		B40B1F731650EE3B000BC5DA /* sina */ = {
			isa = PBXGroup;
			children = (
				B40B1F741650EE53000BC5DA /* SinaWeibo.bundle */,
				B40B1F751650EE53000BC5DA /* SinaWeibo.h */,
				B40B1F761650EE53000BC5DA /* SinaWeibo.m */,
				B40B1F771650EE53000BC5DA /* SinaWeiboAuthorizeView.h */,
				B40B1F781650EE53000BC5DA /* SinaWeiboAuthorizeView.m */,
				B40B1F791650EE53000BC5DA /* SinaWeiboConstants.h */,
				B40B1F7A1650EE53000BC5DA /* SinaWeiboRequest.h */,
				B40B1F7B1650EE53000BC5DA /* SinaWeiboRequest.m */,
			);
			name = sina;
			sourceTree = "<group>";
		};
		B4227EC0162FE718005F1700 /* lib */ = {
			isa = PBXGroup;
			children = (
				B40B1F721650EE16000BC5DA /* sdk */,
				B40B1F451650E9B8000BC5DA /* jsonkit */,
				B40B1F421650E99F000BC5DA /* asi */,
			);
			name = lib;
			path = BabyinFamily;
			sourceTree = "<group>";
		};
		B4227EC2162FE77B005F1700 /* controller */ = {
			isa = PBXGroup;
			children = (
			);
			name = controller;
			sourceTree = "<group>";
		};
		B4227EC3162FE78D005F1700 /* model */ = {
			isa = PBXGroup;
			children = (
			);
			name = model;
			sourceTree = "<group>";
		};
		B449549815A978F100FAA116 = {
			isa = PBXGroup;
			children = (
				B44954AD15A978F200FAA116 /* BabyinFamily */,
				B44954A615A978F200FAA116 /* Frameworks */,
				B44954A415A978F200FAA116 /* Products */,
			);
			sourceTree = "<group>";
		};
		B44954A415A978F200FAA116 /* Products */ = {
			isa = PBXGroup;
			children = (
				B44954A315A978F200FAA116 /* BabyinFamily.app */,
			);
			name = Products;
			sourceTree = "<group>";
		};
		B44954A615A978F200FAA116 /* Frameworks */ = {
			isa = PBXGroup;
			children = (
				28EA935D165F129A009F69E5 /* AssetsLibrary.framework */,
				28EA935F165F12A0009F69E5 /* AVFoundation.framework */,
				B40B1F681650EA5B000BC5DA /* CFNetwork.framework */,
				B44954AB15A978F200FAA116 /* CoreGraphics.framework */,
				28EA9361165F12D6009F69E5 /* CoreMedia.framework */,
				28EA9363165F12DE009F69E5 /* CoreVideo.framework */,
				B44954A915A978F200FAA116 /* Foundation.framework */,
				28EA9369165F1340009F69E5 /* GPUImage.xcodeproj */,
				B4227EC0162FE718005F1700 /* lib */,
				B40B1F6E1650ECCA000BC5DA /* libz.dylib */,
				B40B1F6C1650EB6B000BC5DA /* MobileCoreServices.framework */,
				28EA9365165F12F5009F69E5 /* OpenGLES.framework */,
				28EA9367165F1305009F69E5 /* QuartzCore.framework */,
				B40B1F6A1650EAB6000BC5DA /* SystemConfiguration.framework */,
				B44954A715A978F200FAA116 /* UIKit.framework */,
			);
			name = Frameworks;
			sourceTree = "<group>";
		};
		B44954AD15A978F200FAA116 /* BabyinFamily */ = {
			isa = PBXGroup;
			children = (
				28EA949F165F59E0009F69E5 /* babyTools */,
				28EA949E165F59CD009F69E5 /* UIDisplay */,
				28EA949D165F5962009F69E5 /* resource */,
				28EA949C165F58F4009F69E5 /* netWork */,
				B4227EC3162FE78D005F1700 /* model */,
				B4227EC2162FE77B005F1700 /* controller */,
				B44954AE15A978F200FAA116 /* Supporting Files */,
			);
			path = BabyinFamily;
			sourceTree = "<group>";
		};
		B44954AE15A978F200FAA116 /* Supporting Files */ = {
			isa = PBXGroup;
			children = (
				B44954B615A978F200FAA116 /* AppDelegate.h */,
				B44954B715A978F200FAA116 /* AppDelegate.m */,
				B40B1F8B1650F001000BC5DA /* GlobalConfig.h */,
				B40B1F701650ECD7000BC5DA /* Default-568h@2x.png */,
				B44954AF15A978F200FAA116 /* BabyinFamily-Info.plist */,
				B44954B015A978F200FAA116 /* InfoPlist.strings */,
				B44954B315A978F200FAA116 /* main.m */,
				B44954B515A978F200FAA116 /* BabyinFamily-Prefix.pch */,
			);
			name = "Supporting Files";
			sourceTree = "<group>";
		};
/* End PBXGroup section */

/* Begin PBXNativeTarget section */
		B44954A215A978F200FAA116 /* BabyinFamily */ = {
			isa = PBXNativeTarget;
			buildConfigurationList = B44954BB15A978F200FAA116 /* Build configuration list for PBXNativeTarget "BabyinFamily" */;
			buildPhases = (
				B449549F15A978F200FAA116 /* Sources */,
				B44954A015A978F200FAA116 /* Frameworks */,
				B44954A115A978F200FAA116 /* Resources */,
			);
			buildRules = (
			);
			dependencies = (
				28EA9377165F13B2009F69E5 /* PBXTargetDependency */,
			);
			name = BabyinFamily;
			productName = BabyinFamily;
			productReference = B44954A315A978F200FAA116 /* BabyinFamily.app */;
			productType = "com.apple.product-type.application";
		};
/* End PBXNativeTarget section */

/* Begin PBXProject section */
		B449549A15A978F100FAA116 /* Project object */ = {
			isa = PBXProject;
			attributes = {
				LastUpgradeCheck = 0420;
			};
			buildConfigurationList = B449549D15A978F100FAA116 /* Build configuration list for PBXProject "BabyinFamily" */;
			compatibilityVersion = "Xcode 3.2";
			developmentRegion = English;
			hasScannedForEncodings = 0;
			knownRegions = (
				en,
			);
			mainGroup = B449549815A978F100FAA116;
			productRefGroup = B44954A415A978F200FAA116 /* Products */;
			projectDirPath = "";
			projectReferences = (
				{
					ProductGroup = 28EA936A165F1340009F69E5 /* Products */;
					ProjectRef = 28EA9369165F1340009F69E5 /* GPUImage.xcodeproj */;
				},
			);
			projectRoot = "";
			targets = (
				B44954A215A978F200FAA116 /* BabyinFamily */,
			);
		};
/* End PBXProject section */

/* Begin PBXReferenceProxy section */
		28EA9373165F1340009F69E5 /* libGPUImage.a */ = {
			isa = PBXReferenceProxy;
			fileType = archive.ar;
			path = libGPUImage.a;
			remoteRef = 28EA9372165F1340009F69E5 /* PBXContainerItemProxy */;
			sourceTree = BUILT_PRODUCTS_DIR;
		};
		28EA9375165F1340009F69E5 /* GPUImageTests.octest */ = {
			isa = PBXReferenceProxy;
			fileType = wrapper.cfbundle;
			path = GPUImageTests.octest;
			remoteRef = 28EA9374165F1340009F69E5 /* PBXContainerItemProxy */;
			sourceTree = BUILT_PRODUCTS_DIR;
		};
/* End PBXReferenceProxy section */

/* Begin PBXResourcesBuildPhase section */
		B44954A115A978F200FAA116 /* Resources */ = {
			isa = PBXResourcesBuildPhase;
			buildActionMask = 2147483647;
			files = (
				B44954B215A978F200FAA116 /* InfoPlist.strings in Resources */,
				B4C94EEF164C057100722F37 /* sourcekit.bundle in Resources */,
				B40B1F711650ECD7000BC5DA /* Default-568h@2x.png in Resources */,
				B40B1F7C1650EE53000BC5DA /* SinaWeibo.bundle in Resources */,
			);
			runOnlyForDeploymentPostprocessing = 0;
		};
/* End PBXResourcesBuildPhase section */

/* Begin PBXSourcesBuildPhase section */
		B449549F15A978F200FAA116 /* Sources */ = {
			isa = PBXSourcesBuildPhase;
			buildActionMask = 2147483647;
			files = (
				B44954B415A978F200FAA116 /* main.m in Sources */,
				B44954B815A978F200FAA116 /* AppDelegate.m in Sources */,
				B4C94ED9164C00F500722F37 /* BaseViewController.m in Sources */,
				B4C94EDD164C015100722F37 /* HomeViewController.m in Sources */,
				B4C94EE0164C017800722F37 /* HotViewController.m in Sources */,
				B4C94EE3164C02DD00722F37 /* TakePhotoViewController.m in Sources */,
				B4C94EE6164C02E900722F37 /* MessageViewController.m in Sources */,
				B4C94EE9164C034D00722F37 /* ProfileViewController.m in Sources */,
				B40B1F5C1650E9D6000BC5DA /* ASIAuthenticationDialog.m in Sources */,
				B40B1F5D1650E9D6000BC5DA /* ASIDataCompressor.m in Sources */,
				B40B1F5E1650E9D6000BC5DA /* ASIDataDecompressor.m in Sources */,
				B40B1F5F1650E9D6000BC5DA /* ASIDownloadCache.m in Sources */,
				B40B1F601650E9D6000BC5DA /* ASIFormDataRequest.m in Sources */,
				B40B1F611650E9D6000BC5DA /* ASIHTTPRequest.m in Sources */,
				B40B1F621650E9D6000BC5DA /* ASIInputStream.m in Sources */,
				B40B1F631650E9D6000BC5DA /* ASINetworkQueue.m in Sources */,
				B40B1F641650E9D6000BC5DA /* Reachability.m in Sources */,
				B40B1F671650EA46000BC5DA /* JSONKit.m in Sources */,
				B40B1F7D1650EE53000BC5DA /* SinaWeibo.m in Sources */,
				B40B1F7E1650EE53000BC5DA /* SinaWeiboAuthorizeView.m in Sources */,
				B40B1F7F1650EE53000BC5DA /* SinaWeiboRequest.m in Sources */,
			);
			runOnlyForDeploymentPostprocessing = 0;
		};
/* End PBXSourcesBuildPhase section */

/* Begin PBXTargetDependency section */
		28EA9377165F13B2009F69E5 /* PBXTargetDependency */ = {
			isa = PBXTargetDependency;
			name = GPUImage;
			targetProxy = 28EA9376165F13B2009F69E5 /* PBXContainerItemProxy */;
		};
/* End PBXTargetDependency section */

/* Begin PBXVariantGroup section */
		B44954B015A978F200FAA116 /* InfoPlist.strings */ = {
			isa = PBXVariantGroup;
			children = (
				B44954B115A978F200FAA116 /* en */,
			);
			name = InfoPlist.strings;
			sourceTree = "<group>";
		};
/* End PBXVariantGroup section */

/* Begin XCBuildConfiguration section */
		B44954B915A978F200FAA116 /* Debug */ = {
			isa = XCBuildConfiguration;
			buildSettings = {
				ALWAYS_SEARCH_USER_PATHS = NO;
				ARCHS = "$(ARCHS_STANDARD_32_BIT)";
				"CODE_SIGN_IDENTITY[sdk=iphoneos*]" = "iPhone Developer";
				COPY_PHASE_STRIP = NO;
				GCC_C_LANGUAGE_STANDARD = gnu99;
				GCC_DYNAMIC_NO_PIC = NO;
				GCC_OPTIMIZATION_LEVEL = 0;
				GCC_PREPROCESSOR_DEFINITIONS = (
					"DEBUG=1",
					"$(inherited)",
				);
				GCC_SYMBOLS_PRIVATE_EXTERN = NO;
				GCC_VERSION = com.apple.compilers.llvm.clang.1_0;
				GCC_WARN_ABOUT_MISSING_PROTOTYPES = YES;
				GCC_WARN_ABOUT_RETURN_TYPE = YES;
				GCC_WARN_UNUSED_VARIABLE = YES;
				HEADER_SEARCH_PATHS = "lib/GPUImage/framework/**";
				IPHONEOS_DEPLOYMENT_TARGET = 5.0;
				SDKROOT = iphoneos;
			};
			name = Debug;
		};
		B44954BA15A978F200FAA116 /* Release */ = {
			isa = XCBuildConfiguration;
			buildSettings = {
				ALWAYS_SEARCH_USER_PATHS = NO;
				ARCHS = "$(ARCHS_STANDARD_32_BIT)";
				"CODE_SIGN_IDENTITY[sdk=iphoneos*]" = "iPhone Developer";
				COPY_PHASE_STRIP = YES;
				GCC_C_LANGUAGE_STANDARD = gnu99;
				GCC_VERSION = com.apple.compilers.llvm.clang.1_0;
				GCC_WARN_ABOUT_MISSING_PROTOTYPES = YES;
				GCC_WARN_ABOUT_RETURN_TYPE = YES;
				GCC_WARN_UNUSED_VARIABLE = YES;
				HEADER_SEARCH_PATHS = "lib/GPUImage/framework/**";
				IPHONEOS_DEPLOYMENT_TARGET = 5.0;
				OTHER_CFLAGS = "-DNS_BLOCK_ASSERTIONS=1";
				SDKROOT = iphoneos;
				VALIDATE_PRODUCT = YES;
			};
			name = Release;
		};
		B44954BC15A978F200FAA116 /* Debug */ = {
			isa = XCBuildConfiguration;
			buildSettings = {
				GCC_PRECOMPILE_PREFIX_HEADER = YES;
				GCC_PREFIX_HEADER = "BabyinFamily/BabyinFamily-Prefix.pch";
				INFOPLIST_FILE = "BabyinFamily/BabyinFamily-Info.plist";
				IPHONEOS_DEPLOYMENT_TARGET = 4.0;
				PRODUCT_NAME = "$(TARGET_NAME)";
				WRAPPER_EXTENSION = app;
			};
			name = Debug;
		};
		B44954BD15A978F200FAA116 /* Release */ = {
			isa = XCBuildConfiguration;
			buildSettings = {
				GCC_PRECOMPILE_PREFIX_HEADER = YES;
				GCC_PREFIX_HEADER = "BabyinFamily/BabyinFamily-Prefix.pch";
				INFOPLIST_FILE = "BabyinFamily/BabyinFamily-Info.plist";
				IPHONEOS_DEPLOYMENT_TARGET = 4.0;
				PRODUCT_NAME = "$(TARGET_NAME)";
				WRAPPER_EXTENSION = app;
			};
			name = Release;
		};
/* End XCBuildConfiguration section */

/* Begin XCConfigurationList section */
		B449549D15A978F100FAA116 /* Build configuration list for PBXProject "BabyinFamily" */ = {
			isa = XCConfigurationList;
			buildConfigurations = (
				B44954B915A978F200FAA116 /* Debug */,
				B44954BA15A978F200FAA116 /* Release */,
			);
			defaultConfigurationIsVisible = 0;
			defaultConfigurationName = Release;
		};
		B44954BB15A978F200FAA116 /* Build configuration list for PBXNativeTarget "BabyinFamily" */ = {
			isa = XCConfigurationList;
			buildConfigurations = (
				B44954BC15A978F200FAA116 /* Debug */,
				B44954BD15A978F200FAA116 /* Release */,
			);
			defaultConfigurationIsVisible = 0;
			defaultConfigurationName = Release;
		};
/* End XCConfigurationList section */
	};
	rootObject = B449549A15A978F100FAA116 /* Project object */;
}
